{
  "name": "client",
  "lockfileVersion": 3,
  "requires": true,
  "packages": {
    "": {
      "dependencies": {
        "tpi2026-codementor": "file:.."
      }
    },
    "..": {
      "version": "1.0.0",
      "devDependencies": {
        "concurrently": "^9.0.0"
      }
    },
    "node_modules/tpi2026-codementor": {
      "resolved": "..",
      "link": true
    }
  }
}
